# This file is automatically @generated by Cargo.
# It is not intended for manual editing.
version = 3

[[package]]
name = "h2z_converter"
version = "0.1.0"
dependencies = [
 "kanaria",
]

[[package]]
name = "kanaria"
version = "0.1.1"
source = "registry+https://github.com/rust-lang/crates.io-index"
checksum = "28b62dffcf2c25944df8a260650f0e812dc779a847d5e3b1af71f91bfa44117d"
